{
    "_meta": {
        "hash": {
            "sha256": "efb4a5f10d963a10c5ac384bc0f9665df172d51147422fe477f30c96ab62465a"
        },
        "pipfile-spec": 6,
        "requires": {
            "python_version": "3.6"
        },
        "sources": [
            {
                "name": "pypi",
                "url": "https://pypi.python.org/simple",
                "verify_ssl": true
            }
        ]
    },
    "default": {
        "appdirs": {
            "hashes": [
                "sha256:7d5d0167b2b1ba821647616af46a749d1c653740dd0d2415100fe26e27afdf41",
                "sha256:a841dacd6b99318a741b166adb07e19ee71a274450e68237b4650ca1055ab128"
            ],
            "version": "==1.4.4"
        },
        "astor": {
            "hashes": [
                "sha256:070a54e890cefb5b3739d19f30f5a5ec840ffc9c50ffa7d23cc9fc1a38ebbfc5",
                "sha256:6a6effda93f4e1ce9f618779b2dd1d9d84f1e32812c23a29b3fff6fd7f63fa5e"
            ],
            "index": "pypi",
            "version": "==0.8.1"
        },
        "atomos": {
            "hashes": [
                "sha256:aba57298750163a6160a2f2ec5f7003a894997b6885f678b6f2a9732a4707753"
            ],
            "index": "pypi",
            "version": "==0.3.1"
        },
        "attrs": {
            "hashes": [
                "sha256:08a96c641c3a74e44eb59afb61a24f2cb9f4d7188748e76ba4bb5edfa3cb7d1c",
                "sha256:f7b7ce16570fe9965acd6d30101a28f62fb4a7f9e926b3bbc9b61f8b04247e72"
            ],
            "index": "pypi",
            "version": "==19.3.0"
        },
        "basilisp": {
            "editable": true,
            "path": "."
        },
        "click": {
            "hashes": [
                "sha256:d2b5255c7c6349bc1bd1e59e08cd12acbbd63ce649f2588755783aa94dfb6b1a",
                "sha256:dacca89f4bfadd5de3d7489b7c8a566eee0d3676333fbb50030263894c38c0dc"
            ],
            "index": "pypi",
            "version": "==7.1.2"
        },
        "dill": {
            "hashes": [
                "sha256:97fd758f5fe742d42b11ec8318ecfcff8776bccacbfcec05dfd6276f5d450f73"
            ],
            "version": "==0.2.7.1"
        },
        "distlib": {
            "hashes": [
                "sha256:2e166e231a26b36d6dfe35a48c4464346620f8645ed0ace01ee31822b288de21"
            ],
            "version": "==0.3.0"
        },
        "filelock": {
            "hashes": [
                "sha256:18d82244ee114f543149c66a6e0c14e9c4f8a1044b5cdaadd0f82159d6a6ff59",
                "sha256:929b7d63ec5b7d6b71b0fa5ac14e030b3f70b75747cef1b10da9b879fef15836"
            ],
            "version": "==3.0.12"
        },
        "future": {
            "hashes": [
                "sha256:b1bead90b70cf6ec3f0710ae53a525360fa360d306a86583adc6bf83a4db537d"
            ],
            "version": "==0.18.2"
        },
        "importlib-metadata": {
            "hashes": [
                "sha256:2a688cbaa90e0cc587f1df48bdc97a6eadccdcd9c35fb3f976a09e3b5016d90f",
                "sha256:34513a8a0c4962bc66d35b359558fd8a5e10cd472d37aec5f66858addef32c1e"
            ],
            "markers": "python_version < '3.8'",
            "version": "==1.6.0"
        },
        "importlib-resources": {
            "hashes": [
                "sha256:6f87df66833e1942667108628ec48900e02a4ab4ad850e25fbf07cb17cf734ca",
                "sha256:85dc0b9b325ff78c8bef2e4ff42616094e16b98ebd5e3b50fe7e2f0bbcdcde49"
            ],
            "markers": "python_version < '3.7'",
            "version": "==1.5.0"
        },
        "more-itertools": {
            "hashes": [
                "sha256:558bb897a2232f5e4f8e2399089e35aecb746e1f9191b6584a151647e89267be",
                "sha256:7818f596b1e87be009031c7653d01acc46ed422e6656b394b0f765ce66ed4982"
            ],
            "version": "==8.3.0"
        },
        "packaging": {
            "hashes": [
                "sha256:4357f74f47b9c12db93624a82154e9b120fa8293699949152b22065d556079f8",
                "sha256:998416ba6962ae7fbd6596850b80e17859a5753ba17c32284f67bfff33784181"
            ],
            "version": "==20.4"
        },
        "pluggy": {
            "hashes": [
                "sha256:15b2acde666561e1298d71b523007ed7364de07029219b604cf808bfa1c765b0",
                "sha256:966c145cd83c96502c3c3868f50408687b38434af77734af1e9ca461a4081d2d"
            ],
            "version": "==0.13.1"
        },
        "prompt-toolkit": {
            "hashes": [
                "sha256:563d1a4140b63ff9dd587bda9557cffb2fe73650205ab6f4383092fb882e7dc8",
                "sha256:df7e9e63aea609b1da3a65641ceaf5bc7d05e0a04de5bd45d05dbeffbabf9e04"
            ],
            "index": "pypi",
            "version": "==3.0.5"
        },
        "py": {
            "hashes": [
                "sha256:5e27081401262157467ad6e7f851b7aa402c5852dbcb3dae06768434de5752aa",
                "sha256:c20fdd83a5dbc0af9efd622bee9a5564e278f6380fffcacc43ba6f43db2813b0"
            ],
            "version": "==1.8.1"
        },
        "pyfunctional": {
            "hashes": [
                "sha256:23ef891a3bd34e5e3fb7ccfccf22ddd68309f53367997d9acd61c8b153b99d11",
                "sha256:d2b735c5bfb3b4d7977734e5e92d03f53389de6dc539c609f48c748b93e94fe0",
                "sha256:e157b6a387523c64bfcca0e6e823c5c66fc3f9cad458b3cd9ec8be32a7d45cf2"
            ],
            "index": "pypi",
            "version": "==1.3.0"
        },
        "pyparsing": {
            "hashes": [
                "sha256:67199f0c41a9c702154efb0e7a8cc08accf830eb003b4d9fa42c4059002e2492",
                "sha256:700d17888d441604b0bd51535908dcb297561b040819cccde647a92439db5a2a"
            ],
            "version": "==3.0.0a1"
        },
        "pyrsistent": {
            "hashes": [
                "sha256:28669905fe725965daa16184933676547c5bb40a5153055a8dee2a4bd7933ad3"
            ],
            "index": "pypi",
            "version": "==0.16.0"
        },
        "pytest": {
            "hashes": [
                "sha256:95c710d0a72d91c13fae35dce195633c929c3792f54125919847fdcdf7caa0d3",
                "sha256:eb2b5e935f6a019317e455b6da83dd8650ac9ffd2ee73a7b657a30873d67a698"
            ],
            "index": "pypi",
            "version": "==5.4.2"
        },
        "python-dateutil": {
            "hashes": [
                "sha256:73ebfe9dbf22e832286dafa60473e4cd239f8592f699aa5adaf10050e6e1823c",
                "sha256:75bb3f31ea686f1197762692a9ee6a7550b59fc6ca3a1f4b5d7e32fb98e2da2a"
            ],
            "index": "pypi",
            "version": "==2.8.1"
        },
        "six": {
            "hashes": [
                "sha256:30639c035cdb23534cd4aa2dd52c3bf48f06e5f4a941509c8bafd8ce11080259",
                "sha256:8b74bedcbbbaca38ff6d7491d76f2b06b3592611af620f8426e82dddb04a5ced"
            ],
            "version": "==1.15.0"
        },
        "tabulate": {
            "hashes": [
                "sha256:ac64cb76d53b1231d364babcd72abbb16855adac7de6665122f97b593f1eb2ba",
                "sha256:db2723a20d04bcda8522165c73eea7c300eda74e0ce852d9022e0159d7895007"
            ],
            "version": "==0.8.7"
        },
        "toml": {
            "hashes": [
                "sha256:926b612be1e5ce0634a2ca03470f95169cf16f939018233a670519cb4ac58b0f",
                "sha256:bda89d5935c2eac546d648028b9901107a595863cb36bae0c73ac804a9b4ce88"
            ],
            "version": "==0.10.1"
        },
        "tox": {
            "hashes": [
                "sha256:322dfdf007d7d53323f767badcb068a5cfa7c44d8aabb698d131b28cf44e62c4",
                "sha256:8c9ad9b48659d291c5bc78bcabaa4d680d627687154b812fa52baedaa94f9f83"
            ],
            "version": "==3.15.1"
        },
        "virtualenv": {
            "hashes": [
                "sha256:a116629d4e7f4d03433b8afa27f43deba09d48bc48f5ecefa4f015a178efb6cf",
                "sha256:a730548b27366c5e6cbdf6f97406d861cccece2e22275e8e1a757aeff5e00c70"
            ],
            "version": "==20.0.21"
        },
        "wcwidth": {
            "hashes": [
                "sha256:cafe2186b3c009a04067022ce1dcd79cb38d8d65ee4f4791b8888d6599d1bbe1",
                "sha256:ee73862862a156bf77ff92b09034fc4825dd3af9cf81bc5b360668d425f3c5f1"
            ],
            "version": "==0.1.9"
        },
        "zipp": {
            "hashes": [
                "sha256:aa36550ff0c0b7ef7fa639055d797116ee891440eac1a56f378e2d3179e0320b",
                "sha256:c599e4d75c98f6798c509911d08a22e6c021d074469042177c8c86fb92eefd96"
            ],
            "markers": "python_version < '3.8'",
            "version": "==3.1.0"
        }
    },
    "develop": {
        "alabaster": {
            "hashes": [
                "sha256:446438bdcca0e05bd45ea2de1668c1d9b032e1a9154c2c259092d77031ddd359",
                "sha256:a661d72d58e6ea8a57f7a86e37d86716863ee5e92788398526d58b26a4e4dc02"
            ],
            "version": "==0.7.12"
        },
        "appdirs": {
            "hashes": [
                "sha256:7d5d0167b2b1ba821647616af46a749d1c653740dd0d2415100fe26e27afdf41",
                "sha256:a841dacd6b99318a741b166adb07e19ee71a274450e68237b4650ca1055ab128"
            ],
            "version": "==1.4.4"
        },
        "attrs": {
            "hashes": [
                "sha256:08a96c641c3a74e44eb59afb61a24f2cb9f4d7188748e76ba4bb5edfa3cb7d1c",
                "sha256:f7b7ce16570fe9965acd6d30101a28f62fb4a7f9e926b3bbc9b61f8b04247e72"
            ],
            "index": "pypi",
            "version": "==19.3.0"
        },
        "babel": {
            "hashes": [
                "sha256:1aac2ae2d0d8ea368fa90906567f5c08463d98ade155c0c4bfedd6a0f7160e38",
                "sha256:d670ea0b10f8b723672d3a6abeb87b565b244da220d76b4dba1b66269ec152d4"
            ],
            "version": "==2.8.0"
        },
        "black": {
            "hashes": [
                "sha256:1b30e59be925fafc1ee4565e5e08abef6b03fe455102883820fe5ee2e4734e0b",
                "sha256:c2edb73a08e9e0e6f65a0e6af18b059b8b1cdd5bef997d7a0b181df93dc81539"
            ],
            "index": "pypi",
            "version": "==19.10b0"
        },
        "bleach": {
            "hashes": [
                "sha256:2bce3d8fab545a6528c8fa5d9f9ae8ebc85a56da365c7f85180bfe96a35ef22f",
                "sha256:3c4c520fdb9db59ef139915a5db79f8b51bc2a7257ea0389f30c846883430a4b"
            ],
            "version": "==3.1.5"
        },
        "certifi": {
            "hashes": [
                "sha256:1d987a998c75633c40847cc966fcf5904906c920a7f17ef374f5aa4282abd304",
                "sha256:51fcb31174be6e6664c5f69e3e1691a2d72a1a12e90f872cbdb1567eb47b6519"
            ],
            "version": "==2020.4.5.1"
        },
        "chardet": {
            "hashes": [
                "sha256:84ab92ed1c4d4f16916e05906b6b75a6c0fb5db821cc65e70cbd64a3e2a5eaae",
                "sha256:fc323ffcaeaed0e0a02bf4d117757b98aed530d9ed4531e3e15460124c106691"
            ],
            "version": "==3.0.4"
        },
        "click": {
            "hashes": [
                "sha256:d2b5255c7c6349bc1bd1e59e08cd12acbbd63ce649f2588755783aa94dfb6b1a",
                "sha256:dacca89f4bfadd5de3d7489b7c8a566eee0d3676333fbb50030263894c38c0dc"
            ],
            "index": "pypi",
            "version": "==7.1.2"
        },
        "distlib": {
            "hashes": [
                "sha256:2e166e231a26b36d6dfe35a48c4464346620f8645ed0ace01ee31822b288de21"
            ],
            "version": "==0.3.0"
        },
        "docutils": {
            "hashes": [
                "sha256:54a349c622ff31c91cbec43b0b512f113b5b24daf00e2ea530bb1bd9aac14849",
                "sha256:d2ddba74835cb090a1b627d3de4e7835c628d07ee461f7b4480f51af2fe4d448"
            ],
            "index": "pypi",
            "version": "==0.15"
        },
        "filelock": {
            "hashes": [
                "sha256:18d82244ee114f543149c66a6e0c14e9c4f8a1044b5cdaadd0f82159d6a6ff59",
                "sha256:929b7d63ec5b7d6b71b0fa5ac14e030b3f70b75747cef1b10da9b879fef15836"
            ],
            "version": "==3.0.12"
        },
        "idna": {
            "hashes": [
                "sha256:7588d1c14ae4c77d74036e8c22ff447b26d0fde8f007354fd48a7814db15b7cb",
                "sha256:a068a21ceac8a4d63dbfd964670474107f541babbd2250d61922f029858365fa"
            ],
            "version": "==2.9"
        },
        "imagesize": {
            "hashes": [
                "sha256:6965f19a6a2039c7d48bca7dba2473069ff854c36ae6f19d2cde309d998228a1",
                "sha256:b1f6b5a4eab1f73479a50fb79fcf729514a900c341d8503d62a62dbc4127a2b1"
            ],
            "version": "==1.2.0"
        },
        "importlib-metadata": {
            "hashes": [
                "sha256:2a688cbaa90e0cc587f1df48bdc97a6eadccdcd9c35fb3f976a09e3b5016d90f",
                "sha256:34513a8a0c4962bc66d35b359558fd8a5e10cd472d37aec5f66858addef32c1e"
            ],
            "markers": "python_version < '3.8'",
            "version": "==1.6.0"
        },
        "importlib-resources": {
            "hashes": [
                "sha256:6f87df66833e1942667108628ec48900e02a4ab4ad850e25fbf07cb17cf734ca",
                "sha256:85dc0b9b325ff78c8bef2e4ff42616094e16b98ebd5e3b50fe7e2f0bbcdcde49"
            ],
            "markers": "python_version < '3.7'",
            "version": "==1.5.0"
        },
        "isort": {
            "hashes": [
                "sha256:54da7e92468955c4fceacd0c86bd0ec997b0e1ee80d97f67c35a78b719dccab1",
                "sha256:6e811fcb295968434526407adb8796944f1988c5b65e8139058f2014cbe100fd"
            ],
            "index": "pypi",
            "version": "==4.3.21"
        },
        "jinja2": {
            "hashes": [
                "sha256:c10142f819c2d22bdcd17548c46fa9b77cf4fda45097854c689666bf425e7484",
                "sha256:c922560ac46888d47384de1dbdc3daaa2ea993af4b26a436dec31fa2c19ec668"
            ],
            "version": "==3.0.0a1"
        },
        "keyring": {
            "hashes": [
                "sha256:3401234209015144a5d75701e71cb47239e552b0882313e9f51e8976f9e27843",
                "sha256:c53e0e5ccde3ad34284a40ce7976b5b3a3d6de70344c3f8ee44364cc340976ec"
            ],
            "version": "==21.2.1"
        },
        "markupsafe": {
            "hashes": [
                "sha256:06358015a4dee8ee23ae426bf885616ab3963622defd829eb45b44e3dee3515f",
                "sha256:0b0c4fc852c5f02c6277ef3b33d23fcbe89b1b227460423e3335374da046b6db",
                "sha256:267677fc42afed5094fc5ea1c4236bbe4b6a00fe4b08e93451e65ae9048139c7",
                "sha256:303cb70893e2c345588fb5d5b86e0ca369f9bb56942f03064c5e3e75fa7a238a",
                "sha256:3c9b624a0d9ed5a5093ac4edc4e823e6b125441e60ef35d36e6f4a6fdacd5054",
                "sha256:42033e14cae1f6c86fc0c3e90d04d08ce73ac8e46ba420a0d22d545c2abd4977",
                "sha256:4e4a99b6af7bdc0856b50020c095848ec050356a001e1f751510aef6ab14d0e0",
                "sha256:4eb07faad54bb07427d848f31030a65a49ebb0cec0b30674f91cf1ddd456bfe4",
                "sha256:63a7161cd8c2bc563feeda45df62f42c860dd0675e2b8da2667f25bb3c95eaba",
                "sha256:68e0fd039b68d2945b4beb947d4023ca7f8e95b708031c345762efba214ea761",
                "sha256:8092a63397025c2f655acd42784b2a1528339b90b987beb9253f22e8cdbb36c3",
                "sha256:841218860683c0f2223e24756843d84cc49cccdae6765e04962607754a52d3e0",
                "sha256:94076b2314bd2f6cfae508ad65b4d493e3a58a50112b7a2cbb6287bdbc404ae8",
                "sha256:9d22aff1c5322e402adfb3ce40839a5056c353e711c033798cf4f02eb9f5124d",
                "sha256:b0e4584f62b3e5f5c1a7bcefd2b52f236505e6ef032cc508caa4f4c8dc8d3af1",
                "sha256:b1163ffc1384d242964426a8164da12dbcdbc0de18ea36e2c34b898ed38c3b45",
                "sha256:beac28ed60c8e838301226a7a85841d0af2068eba2dcb1a58c2d32d6c05e440e",
                "sha256:c29f096ce79c03054a1101d6e5fe6bf04b0bb489165d5e0e9653fb4fe8048ee1",
                "sha256:c58779966d53e5f14ba393d64e2402a7926601d1ac8adeb4e83893def79d0428",
                "sha256:cfe14b37908eaf7d5506302987228bff69e1b8e7071ccd4e70fd0283b1b47f0b",
                "sha256:e834249c45aa9837d0753351cdca61a4b8b383cc9ad0ff2325c97ff7b69e72a6",
                "sha256:eed1b234c4499811ee85bcefa22ef5e466e75d132502226ed29740d593316c1f"
            ],
            "version": "==2.0.0a1"
        },
        "more-itertools": {
            "hashes": [
                "sha256:558bb897a2232f5e4f8e2399089e35aecb746e1f9191b6584a151647e89267be",
                "sha256:7818f596b1e87be009031c7653d01acc46ed422e6656b394b0f765ce66ed4982"
            ],
            "version": "==8.3.0"
        },
        "packaging": {
            "hashes": [
                "sha256:4357f74f47b9c12db93624a82154e9b120fa8293699949152b22065d556079f8",
                "sha256:998416ba6962ae7fbd6596850b80e17859a5753ba17c32284f67bfff33784181"
            ],
            "version": "==20.4"
        },
        "pathspec": {
            "hashes": [
                "sha256:7d91249d21749788d07a2d0f94147accd8f845507400749ea19c1ec9054a12b0",
                "sha256:da45173eb3a6f2a5a487efba21f050af2b41948be6ab52b6a1e3ff22bb8b7061"
            ],
            "version": "==0.8.0"
        },
        "pkginfo": {
            "hashes": [
                "sha256:7424f2c8511c186cd5424bbf31045b77435b37a8d604990b79d4e70d741148bb",
                "sha256:a6d9e40ca61ad3ebd0b72fbadd4fba16e4c0e4df0428c041e01e06eb6ee71f32"
            ],
            "version": "==1.5.0.1"
        },
        "pluggy": {
            "hashes": [
                "sha256:15b2acde666561e1298d71b523007ed7364de07029219b604cf808bfa1c765b0",
                "sha256:966c145cd83c96502c3c3868f50408687b38434af77734af1e9ca461a4081d2d"
            ],
            "version": "==0.13.1"
        },
        "py": {
            "hashes": [
                "sha256:5e27081401262157467ad6e7f851b7aa402c5852dbcb3dae06768434de5752aa",
                "sha256:c20fdd83a5dbc0af9efd622bee9a5564e278f6380fffcacc43ba6f43db2813b0"
            ],
            "version": "==1.8.1"
        },
        "pygments": {
            "hashes": [
                "sha256:647344a061c249a3b74e230c739f434d7ea4d8b1d5f3721bc0f3558049b38f44",
                "sha256:ff7a40b4860b727ab48fad6360eb351cc1b33cbf9b15a0f689ca5353e9463324"
            ],
            "index": "pypi",
            "version": "==2.6.1"
        },
        "pyparsing": {
            "hashes": [
                "sha256:67199f0c41a9c702154efb0e7a8cc08accf830eb003b4d9fa42c4059002e2492",
                "sha256:700d17888d441604b0bd51535908dcb297561b040819cccde647a92439db5a2a"
            ],
            "version": "==3.0.0a1"
        },
        "pytest": {
            "hashes": [
                "sha256:95c710d0a72d91c13fae35dce195633c929c3792f54125919847fdcdf7caa0d3",
                "sha256:eb2b5e935f6a019317e455b6da83dd8650ac9ffd2ee73a7b657a30873d67a698"
            ],
            "index": "pypi",
            "version": "==5.4.2"
        },
        "pytest-pycharm": {
            "hashes": [
                "sha256:6d363c98a6f14ae27eb7a4f30be90946fb3c93003365ae18632161fc988de3a7",
                "sha256:750ea725b43eed4940a9826e381fd57513335cdb7078d714327e4eefd33a2f30"
            ],
            "index": "pypi",
            "version": "==0.6.0"
        },
        "pytz": {
            "hashes": [
                "sha256:a494d53b6d39c3c6e44c3bec237336e14305e4f29bbf800b599253057fbb79ed",
                "sha256:c35965d010ce31b23eeb663ed3cc8c906275d6be1a34393a1d73a41febf4a048"
            ],
            "version": "==2020.1"
        },
        "readme-renderer": {
            "hashes": [
                "sha256:cbe9db71defedd2428a1589cdc545f9bd98e59297449f69d721ef8f1cfced68d",
                "sha256:cc4957a803106e820d05d14f71033092537a22daa4f406dfbdd61177e0936376"
            ],
            "version": "==26.0"
        },
        "regex": {
            "hashes": [
                "sha256:1386e75c9d1574f6aa2e4eb5355374c8e55f9aac97e224a8a5a6abded0f9c927",
                "sha256:27ff7325b297fb6e5ebb70d10437592433601c423f5acf86e5bc1ee2919b9561",
                "sha256:329ba35d711e3428db6b45a53b1b13a0a8ba07cbbcf10bbed291a7da45f106c3",
                "sha256:3a9394197664e35566242686d84dfd264c07b20f93514e2e09d3c2b3ffdf78fe",
                "sha256:51f17abbe973c7673a61863516bdc9c0ef467407a940f39501e786a07406699c",
                "sha256:579ea215c81d18da550b62ff97ee187b99f1b135fd894a13451e00986a080cad",
                "sha256:70c14743320a68c5dac7fc5a0f685be63bc2024b062fe2aaccc4acc3d01b14a1",
                "sha256:7e61be8a2900897803c293247ef87366d5df86bf701083b6c43119c7c6c99108",
                "sha256:8044d1c085d49673aadb3d7dc20ef5cb5b030c7a4fa253a593dda2eab3059929",
                "sha256:89d76ce33d3266173f5be80bd4efcbd5196cafc34100fdab814f9b228dee0fa4",
                "sha256:99568f00f7bf820c620f01721485cad230f3fb28f57d8fbf4a7967ec2e446994",
                "sha256:a7c37f048ec3920783abab99f8f4036561a174f1314302ccfa4e9ad31cb00eb4",
                "sha256:c2062c7d470751b648f1cacc3f54460aebfc261285f14bc6da49c6943bd48bdd",
                "sha256:c9bce6e006fbe771a02bda468ec40ffccbf954803b470a0345ad39c603402577",
                "sha256:ce367d21f33e23a84fb83a641b3834dd7dd8e9318ad8ff677fbfae5915a239f7",
                "sha256:ce450ffbfec93821ab1fea94779a8440e10cf63819be6e176eb1973a6017aff5",
                "sha256:ce5cc53aa9fbbf6712e92c7cf268274eaff30f6bd12a0754e8133d85a8fb0f5f",
                "sha256:d466967ac8e45244b9dfe302bbe5e3337f8dc4dec8d7d10f5e950d83b140d33a",
                "sha256:d881c2e657c51d89f02ae4c21d9adbef76b8325fe4d5cf0e9ad62f850f3a98fd",
                "sha256:e565569fc28e3ba3e475ec344d87ed3cd8ba2d575335359749298a0899fe122e",
                "sha256:ea55b80eb0d1c3f1d8d784264a6764f931e172480a2f1868f2536444c5f01e01"
            ],
            "version": "==2020.5.14"
        },
        "requests": {
            "hashes": [
                "sha256:43999036bfa82904b6af1d99e4882b560e5e2c68e5c4b0aa03b655f3d7d73fee",
                "sha256:b3f43d496c6daba4493e7c431722aeb7dbc6288f52a6e04e7b6023b0247817e6"
            ],
            "version": "==2.23.0"
        },
        "requests-toolbelt": {
            "hashes": [
                "sha256:380606e1d10dc85c3bd47bf5a6095f815ec007be7a8b69c878507068df059e6f",
                "sha256:968089d4584ad4ad7c171454f0a5c6dac23971e9472521ea3b6d49d610aa6fc0"
            ],
            "version": "==0.9.1"
        },
        "six": {
            "hashes": [
                "sha256:30639c035cdb23534cd4aa2dd52c3bf48f06e5f4a941509c8bafd8ce11080259",
                "sha256:8b74bedcbbbaca38ff6d7491d76f2b06b3592611af620f8426e82dddb04a5ced"
            ],
            "version": "==1.15.0"
        },
        "snowballstemmer": {
            "hashes": [
                "sha256:209f257d7533fdb3cb73bdbd24f436239ca3b2fa67d56f6ff88e86be08cc5ef0",
                "sha256:df3bac3df4c2c01363f3dd2cfa78cce2840a79b9f1c2d2de9ce8d31683992f52"
            ],
            "version": "==2.0.0"
        },
        "sphinx": {
            "hashes": [
                "sha256:62edfd92d955b868d6c124c0942eba966d54b5f3dcb4ded39e65f74abac3f572",
                "sha256:f5505d74cf9592f3b997380f9bdb2d2d0320ed74dd69691e3ee0644b956b8d83"
            ],
            "index": "pypi",
            "version": "==3.0.3"
        },
        "sphinx-rtd-theme": {
            "hashes": [
                "sha256:1ba9bbc8898ed8531ac8d140b4ff286d57010fb878303b2efae3303726ec821b",
                "sha256:a18194ae459f6a59b0d56e4a8b4c576c0125fb9a12f2211e652b4a8133092e14"
            ],
            "index": "pypi",
            "version": "==0.5.0rc1"
        },
        "sphinxcontrib-applehelp": {
            "hashes": [
                "sha256:806111e5e962be97c29ec4c1e7fe277bfd19e9652fb1a4392105b43e01af885a",
                "sha256:a072735ec80e7675e3f432fcae8610ecf509c5f1869d17e2eecff44389cdbc58"
            ],
            "version": "==1.0.2"
        },
        "sphinxcontrib-devhelp": {
            "hashes": [
                "sha256:8165223f9a335cc1af7ffe1ed31d2871f325254c0423bc0c4c7cd1c1e4734a2e",
                "sha256:ff7f1afa7b9642e7060379360a67e9c41e8f3121f2ce9164266f61b9f4b338e4"
            ],
            "version": "==1.0.2"
        },
        "sphinxcontrib-htmlhelp": {
            "hashes": [
                "sha256:3c0bc24a2c41e340ac37c85ced6dafc879ab485c095b1d65d2461ac2f7cca86f",
                "sha256:e8f5bb7e31b2dbb25b9cc435c8ab7a79787ebf7f906155729338f3156d93659b"
            ],
            "version": "==1.0.3"
        },
        "sphinxcontrib-jsmath": {
            "hashes": [
                "sha256:2ec2eaebfb78f3f2078e73666b1415417a116cc848b72e5172e596c871103178",
                "sha256:a9925e4a4587247ed2191a22df5f6970656cb8ca2bd6284309578f2153e0c4b8"
            ],
            "version": "==1.0.1"
        },
        "sphinxcontrib-qthelp": {
            "hashes": [
                "sha256:4c33767ee058b70dba89a6fc5c1892c0d57a54be67ddd3e7875a18d14cba5a72",
                "sha256:bd9fc24bcb748a8d51fd4ecaade681350aa63009a347a8c14e637895444dfab6"
            ],
            "version": "==1.0.3"
        },
        "sphinxcontrib-serializinghtml": {
            "hashes": [
                "sha256:eaa0eccc86e982a9b939b2b82d12cc5d013385ba5eadcc7e4fed23f4405f77bc",
                "sha256:f242a81d423f59617a8e5cf16f5d4d74e28ee9a66f9e5b637a18082991db5a9a"
            ],
            "version": "==1.1.4"
        },
        "toml": {
            "hashes": [
                "sha256:926b612be1e5ce0634a2ca03470f95169cf16f939018233a670519cb4ac58b0f",
                "sha256:bda89d5935c2eac546d648028b9901107a595863cb36bae0c73ac804a9b4ce88"
            ],
            "version": "==0.10.1"
        },
        "tox": {
            "hashes": [
                "sha256:322dfdf007d7d53323f767badcb068a5cfa7c44d8aabb698d131b28cf44e62c4",
                "sha256:8c9ad9b48659d291c5bc78bcabaa4d680d627687154b812fa52baedaa94f9f83"
            ],
            "version": "==3.15.1"
        },
        "tox-pyenv": {
            "hashes": [
                "sha256:916c2213577aec0b3b5452c5bfb32fd077f3a3196f50a81ad57d7ef3fc2599e4",
                "sha256:e470c18af115fe52eeff95e7e3cdd0793613eca19709966fc2724b79d55246cb"
            ],
            "index": "pypi",
            "version": "==1.1.0"
        },
        "tqdm": {
            "hashes": [
                "sha256:4733c4a10d0f2a4d098d801464bdaf5240c7dadd2a7fde4ee93b0a0efd9fb25e",
                "sha256:acdafb20f51637ca3954150d0405ff1a7edde0ff19e38fb99a80a66210d2a28f"
            ],
            "version": "==4.46.0"
        },
        "twine": {
            "hashes": [
                "sha256:c1af8ca391e43b0a06bbc155f7f67db0bf0d19d284bfc88d1675da497a946124",
                "sha256:d561a5e511f70275e5a485a6275ff61851c16ffcb3a95a602189161112d9f160"
            ],
            "index": "pypi",
            "version": "==3.1.1"
        },
        "typed-ast": {
            "hashes": [
                "sha256:0666aa36131496aed8f7be0410ff974562ab7eeac11ef351def9ea6fa28f6355",
                "sha256:0c2c07682d61a629b68433afb159376e24e5b2fd4641d35424e462169c0a7919",
                "sha256:249862707802d40f7f29f6e1aad8d84b5aa9e44552d2cc17384b209f091276aa",
                "sha256:24995c843eb0ad11a4527b026b4dde3da70e1f2d8806c99b7b4a7cf491612652",
                "sha256:269151951236b0f9a6f04015a9004084a5ab0d5f19b57de779f908621e7d8b75",
                "sha256:4083861b0aa07990b619bd7ddc365eb7fa4b817e99cf5f8d9cf21a42780f6e01",
                "sha256:498b0f36cc7054c1fead3d7fc59d2150f4d5c6c56ba7fb150c013fbc683a8d2d",
                "sha256:4e3e5da80ccbebfff202a67bf900d081906c358ccc3d5e3c8aea42fdfdfd51c1",
                "sha256:6daac9731f172c2a22ade6ed0c00197ee7cc1221aa84cfdf9c31defeb059a907",
                "sha256:715ff2f2df46121071622063fc7543d9b1fd19ebfc4f5c8895af64a77a8c852c",
                "sha256:73d785a950fc82dd2a25897d525d003f6378d1cb23ab305578394694202a58c3",
                "sha256:8c8aaad94455178e3187ab22c8b01a3837f8ee50e09cf31f1ba129eb293ec30b",
                "sha256:8ce678dbaf790dbdb3eba24056d5364fb45944f33553dd5869b7580cdbb83614",
                "sha256:aaee9905aee35ba5905cfb3c62f3e83b3bec7b39413f0a7f19be4e547ea01ebb",
                "sha256:bcd3b13b56ea479b3650b82cabd6b5343a625b0ced5429e4ccad28a8973f301b",
                "sha256:c9e348e02e4d2b4a8b2eedb48210430658df6951fa484e59de33ff773fbd4b41",
                "sha256:d205b1b46085271b4e15f670058ce182bd1199e56b317bf2ec004b6a44f911f6",
                "sha256:d43943ef777f9a1c42bf4e552ba23ac77a6351de620aa9acf64ad54933ad4d34",
                "sha256:d5d33e9e7af3b34a40dc05f498939f0ebf187f07c385fd58d591c533ad8562fe",
                "sha256:fc0fea399acb12edbf8a628ba8d2312f583bdbdb3335635db062fa98cf71fca4",
                "sha256:fe460b922ec15dd205595c9b5b99e2f056fd98ae8f9f56b888e7a17dc2b757e7"
            ],
            "version": "==1.4.1"
        },
        "urllib3": {
            "hashes": [
                "sha256:3018294ebefce6572a474f0604c2021e33b3fd8006ecd11d62107a5d2a963527",
                "sha256:88206b0eb87e6d677d424843ac5209e3fb9d0190d0ee169599165ec25e9d9115"
            ],
            "version": "==1.25.9"
        },
        "virtualenv": {
            "hashes": [
                "sha256:a116629d4e7f4d03433b8afa27f43deba09d48bc48f5ecefa4f015a178efb6cf",
                "sha256:a730548b27366c5e6cbdf6f97406d861cccece2e22275e8e1a757aeff5e00c70"
            ],
            "version": "==20.0.21"
        },
        "wcwidth": {
            "hashes": [
                "sha256:cafe2186b3c009a04067022ce1dcd79cb38d8d65ee4f4791b8888d6599d1bbe1",
                "sha256:ee73862862a156bf77ff92b09034fc4825dd3af9cf81bc5b360668d425f3c5f1"
            ],
            "version": "==0.1.9"
        },
        "webencodings": {
            "hashes": [
                "sha256:a0af1213f3c2226497a97e2b3aa01a7e4bee4f403f95be16fc9acd2947514a78",
                "sha256:b36a1c245f2d304965eb4e0a82848379241dc04b865afcc4aab16748587e1923"
            ],
            "version": "==0.5.1"
        },
        "zipp": {
            "hashes": [
                "sha256:aa36550ff0c0b7ef7fa639055d797116ee891440eac1a56f378e2d3179e0320b",
                "sha256:c599e4d75c98f6798c509911d08a22e6c021d074469042177c8c86fb92eefd96"
            ],
            "markers": "python_version < '3.8'",
            "version": "==3.1.0"
        }
    }
}
